// !$*UTF8*$!
{
	archiveVersion = 1;
	classes = {
	};
	objectVersion = 56;
	objects = {

/* Begin PBXBuildFile section */
		23FEE19229A018B1007663AF /* githubsearchApp.swift in Sources */ = {isa = PBXBuildFile; fileRef = 23FEE19129A018B1007663AF /* githubsearchApp.swift */; };
		23FEE19429A018B1007663AF /* ContentView.swift in Sources */ = {isa = PBXBuildFile; fileRef = 23FEE19329A018B1007663AF /* ContentView.swift */; };
		23FEE19629A018B3007663AF /* Assets.xcassets in Resources */ = {isa = PBXBuildFile; fileRef = 23FEE19529A018B3007663AF /* Assets.xcassets */; };
		23FEE19929A018B3007663AF /* Preview Assets.xcassets in Resources */ = {isa = PBXBuildFile; fileRef = 23FEE19829A018B3007663AF /* Preview Assets.xcassets */; };
		23FEE1A329A018B3007663AF /* githubsearchTests.swift in Sources */ = {isa = PBXBuildFile; fileRef = 23FEE1A229A018B3007663AF /* githubsearchTests.swift */; };
		23FEE1AD29A018B3007663AF /* githubsearchUITests.swift in Sources */ = {isa = PBXBuildFile; fileRef = 23FEE1AC29A018B3007663AF /* githubsearchUITests.swift */; };
		23FEE1AF29A018B3007663AF /* githubsearchUITestsLaunchTests.swift in Sources */ = {isa = PBXBuildFile; fileRef = 23FEE1AE29A018B3007663AF /* githubsearchUITestsLaunchTests.swift */; };
		23FEE1BD29A03268007663AF /* HomeView.swift in Sources */ = {isa = PBXBuildFile; fileRef = 23FEE1BC29A03267007663AF /* HomeView.swift */; };
		23FEE1C029A03389007663AF /* Font+UIFont.swift in Sources */ = {isa = PBXBuildFile; fileRef = 23FEE1BF29A03389007663AF /* Font+UIFont.swift */; };
		23FEE1C229A034FB007663AF /* Color+UIColor.swift in Sources */ = {isa = PBXBuildFile; fileRef = 23FEE1C129A034FB007663AF /* Color+UIColor.swift */; };
		23FEE1C529A0381C007663AF /* RepositoriesView.swift in Sources */ = {isa = PBXBuildFile; fileRef = 23FEE1C429A0381C007663AF /* RepositoriesView.swift */; };
		23FEE1C929A0391B007663AF /* SearchView.swift in Sources */ = {isa = PBXBuildFile; fileRef = 23FEE1C829A0391B007663AF /* SearchView.swift */; };
		23FEE1CB29A03959007663AF /* LanguageView.swift in Sources */ = {isa = PBXBuildFile; fileRef = 23FEE1CA29A03959007663AF /* LanguageView.swift */; };
		23FEE1CD29A03986007663AF /* StarCountView.swift in Sources */ = {isa = PBXBuildFile; fileRef = 23FEE1CC29A03986007663AF /* StarCountView.swift */; };
		23FEE1CF29A039CB007663AF /* EmptyStateView.swift in Sources */ = {isa = PBXBuildFile; fileRef = 23FEE1CE29A039CB007663AF /* EmptyStateView.swift */; };
		23FEE1D129A03A25007663AF /* RepositoryView.swift in Sources */ = {isa = PBXBuildFile; fileRef = 23FEE1D029A03A25007663AF /* RepositoryView.swift */; };
		23FEE1D429A03B07007663AF /* SearchRepositoryResponse.swift in Sources */ = {isa = PBXBuildFile; fileRef = 23FEE1D329A03B07007663AF /* SearchRepositoryResponse.swift */; };
		23FEE1D629A03F12007663AF /* RepositoriesViewModel.swift in Sources */ = {isa = PBXBuildFile; fileRef = 23FEE1D529A03F12007663AF /* RepositoriesViewModel.swift */; };
		23FEE1D929A042E0007663AF /* UsersView.swift in Sources */ = {isa = PBXBuildFile; fileRef = 23FEE1D829A042E0007663AF /* UsersView.swift */; };
		23FEE1DB29A0437E007663AF /* UserView.swift in Sources */ = {isa = PBXBuildFile; fileRef = 23FEE1DA29A0437E007663AF /* UserView.swift */; };
		23FEE1DD29A0446E007663AF /* FullUser.swift in Sources */ = {isa = PBXBuildFile; fileRef = 23FEE1DC29A0446E007663AF /* FullUser.swift */; };
		23FEE1E029A04AB8007663AF /* UserDetailView.swift in Sources */ = {isa = PBXBuildFile; fileRef = 23FEE1DF29A04AB8007663AF /* UserDetailView.swift */; };
		23FEE1E229A04B1F007663AF /* UserRepo.swift in Sources */ = {isa = PBXBuildFile; fileRef = 23FEE1E129A04B1F007663AF /* UserRepo.swift */; };
		23FEE1E429A04B4A007663AF /* UserRepoView.swift in Sources */ = {isa = PBXBuildFile; fileRef = 23FEE1E329A04B4A007663AF /* UserRepoView.swift */; };
		23FEE1E629A04B84007663AF /* UsersViewModel.swift in Sources */ = {isa = PBXBuildFile; fileRef = 23FEE1E529A04B84007663AF /* UsersViewModel.swift */; };
		23FEE1E829A04DAC007663AF /* SearchUserResponse.swift in Sources */ = {isa = PBXBuildFile; fileRef = 23FEE1E729A04DAC007663AF /* SearchUserResponse.swift */; };
		23FEE1EC29A13E1B007663AF /* Images.swift in Sources */ = {isa = PBXBuildFile; fileRef = 23FEE1EB29A13E1B007663AF /* Images.swift */; };
		23FEE1EE29A1A58F007663AF /* UserDetailViewModel.swift in Sources */ = {isa = PBXBuildFile; fileRef = 23FEE1ED29A1A58F007663AF /* UserDetailViewModel.swift */; };
		23FEE1F129A26752007663AF /* APIClient.swift in Sources */ = {isa = PBXBuildFile; fileRef = 23FEE1F029A26752007663AF /* APIClient.swift */; };
/* End PBXBuildFile section */

/* Begin PBXContainerItemProxy section */
		23FEE19F29A018B3007663AF /* PBXContainerItemProxy */ = {
			isa = PBXContainerItemProxy;
			containerPortal = 23FEE18629A018B1007663AF /* Project object */;
			proxyType = 1;
			remoteGlobalIDString = 23FEE18D29A018B1007663AF;
			remoteInfo = githubsearch;
		};
		23FEE1A929A018B3007663AF /* PBXContainerItemProxy */ = {
			isa = PBXContainerItemProxy;
			containerPortal = 23FEE18629A018B1007663AF /* Project object */;
			proxyType = 1;
			remoteGlobalIDString = 23FEE18D29A018B1007663AF;
			remoteInfo = githubsearch;
		};
/* End PBXContainerItemProxy section */

/* Begin PBXFileReference section */
		23FEE18E29A018B1007663AF /* githubsearch.app */ = {isa = PBXFileReference; explicitFileType = wrapper.application; includeInIndex = 0; path = githubsearch.app; sourceTree = BUILT_PRODUCTS_DIR; };
		23FEE19129A018B1007663AF /* githubsearchApp.swift */ = {isa = PBXFileReference; lastKnownFileType = sourcecode.swift; path = githubsearchApp.swift; sourceTree = "<group>"; };
		23FEE19329A018B1007663AF /* ContentView.swift */ = {isa = PBXFileReference; lastKnownFileType = sourcecode.swift; path = ContentView.swift; sourceTree = "<group>"; };
		23FEE19529A018B3007663AF /* Assets.xcassets */ = {isa = PBXFileReference; lastKnownFileType = folder.assetcatalog; path = Assets.xcassets; sourceTree = "<group>"; };
		23FEE19829A018B3007663AF /* Preview Assets.xcassets */ = {isa = PBXFileReference; lastKnownFileType = folder.assetcatalog; path = "Preview Assets.xcassets"; sourceTree = "<group>"; };
		23FEE19E29A018B3007663AF /* githubsearchTests.xctest */ = {isa = PBXFileReference; explicitFileType = wrapper.cfbundle; includeInIndex = 0; path = githubsearchTests.xctest; sourceTree = BUILT_PRODUCTS_DIR; };
		23FEE1A229A018B3007663AF /* githubsearchTests.swift */ = {isa = PBXFileReference; lastKnownFileType = sourcecode.swift; path = githubsearchTests.swift; sourceTree = "<group>"; };
		23FEE1A829A018B3007663AF /* githubsearchUITests.xctest */ = {isa = PBXFileReference; explicitFileType = wrapper.cfbundle; includeInIndex = 0; path = githubsearchUITests.xctest; sourceTree = BUILT_PRODUCTS_DIR; };
		23FEE1AC29A018B3007663AF /* githubsearchUITests.swift */ = {isa = PBXFileReference; lastKnownFileType = sourcecode.swift; path = githubsearchUITests.swift; sourceTree = "<group>"; };
		23FEE1AE29A018B3007663AF /* githubsearchUITestsLaunchTests.swift */ = {isa = PBXFileReference; lastKnownFileType = sourcecode.swift; path = githubsearchUITestsLaunchTests.swift; sourceTree = "<group>"; };
		23FEE1BC29A03267007663AF /* HomeView.swift */ = {isa = PBXFileReference; lastKnownFileType = sourcecode.swift; path = HomeView.swift; sourceTree = "<group>"; };
		23FEE1BF29A03389007663AF /* Font+UIFont.swift */ = {isa = PBXFileReference; lastKnownFileType = sourcecode.swift; path = "Font+UIFont.swift"; sourceTree = "<group>"; };
		23FEE1C129A034FB007663AF /* Color+UIColor.swift */ = {isa = PBXFileReference; lastKnownFileType = sourcecode.swift; path = "Color+UIColor.swift"; sourceTree = "<group>"; };
		23FEE1C429A0381C007663AF /* RepositoriesView.swift */ = {isa = PBXFileReference; lastKnownFileType = sourcecode.swift; path = RepositoriesView.swift; sourceTree = "<group>"; };
		23FEE1C829A0391B007663AF /* SearchView.swift */ = {isa = PBXFileReference; lastKnownFileType = sourcecode.swift; path = SearchView.swift; sourceTree = "<group>"; };
		23FEE1CA29A03959007663AF /* LanguageView.swift */ = {isa = PBXFileReference; lastKnownFileType = sourcecode.swift; path = LanguageView.swift; sourceTree = "<group>"; };
		23FEE1CC29A03986007663AF /* StarCountView.swift */ = {isa = PBXFileReference; lastKnownFileType = sourcecode.swift; path = StarCountView.swift; sourceTree = "<group>"; };
		23FEE1CE29A039CB007663AF /* EmptyStateView.swift */ = {isa = PBXFileReference; lastKnownFileType = sourcecode.swift; path = EmptyStateView.swift; sourceTree = "<group>"; };
		23FEE1D029A03A25007663AF /* RepositoryView.swift */ = {isa = PBXFileReference; lastKnownFileType = sourcecode.swift; path = RepositoryView.swift; sourceTree = "<group>"; };
		23FEE1D329A03B07007663AF /* SearchRepositoryResponse.swift */ = {isa = PBXFileReference; lastKnownFileType = sourcecode.swift; path = SearchRepositoryResponse.swift; sourceTree = "<group>"; };
		23FEE1D529A03F12007663AF /* RepositoriesViewModel.swift */ = {isa = PBXFileReference; lastKnownFileType = sourcecode.swift; path = RepositoriesViewModel.swift; sourceTree = "<group>"; };
		23FEE1D829A042E0007663AF /* UsersView.swift */ = {isa = PBXFileReference; lastKnownFileType = sourcecode.swift; path = UsersView.swift; sourceTree = "<group>"; };
		23FEE1DA29A0437E007663AF /* UserView.swift */ = {isa = PBXFileReference; lastKnownFileType = sourcecode.swift; path = UserView.swift; sourceTree = "<group>"; };
		23FEE1DC29A0446E007663AF /* FullUser.swift */ = {isa = PBXFileReference; lastKnownFileType = sourcecode.swift; path = FullUser.swift; sourceTree = "<group>"; };
		23FEE1DF29A04AB8007663AF /* UserDetailView.swift */ = {isa = PBXFileReference; lastKnownFileType = sourcecode.swift; path = UserDetailView.swift; sourceTree = "<group>"; };
		23FEE1E129A04B1F007663AF /* UserRepo.swift */ = {isa = PBXFileReference; lastKnownFileType = sourcecode.swift; path = UserRepo.swift; sourceTree = "<group>"; };
		23FEE1E329A04B4A007663AF /* UserRepoView.swift */ = {isa = PBXFileReference; lastKnownFileType = sourcecode.swift; path = UserRepoView.swift; sourceTree = "<group>"; };
		23FEE1E529A04B84007663AF /* UsersViewModel.swift */ = {isa = PBXFileReference; lastKnownFileType = sourcecode.swift; path = UsersViewModel.swift; sourceTree = "<group>"; };
		23FEE1E729A04DAC007663AF /* SearchUserResponse.swift */ = {isa = PBXFileReference; lastKnownFileType = sourcecode.swift; path = SearchUserResponse.swift; sourceTree = "<group>"; };
		23FEE1EB29A13E1B007663AF /* Images.swift */ = {isa = PBXFileReference; lastKnownFileType = sourcecode.swift; path = Images.swift; sourceTree = "<group>"; };
		23FEE1ED29A1A58F007663AF /* UserDetailViewModel.swift */ = {isa = PBXFileReference; lastKnownFileType = sourcecode.swift; path = UserDetailViewModel.swift; sourceTree = "<group>"; };
		23FEE1F029A26752007663AF /* APIClient.swift */ = {isa = PBXFileReference; lastKnownFileType = sourcecode.swift; path = APIClient.swift; sourceTree = "<group>"; };
/* End PBXFileReference section */

/* Begin PBXFrameworksBuildPhase section */
		23FEE18B29A018B1007663AF /* Frameworks */ = {
			isa = PBXFrameworksBuildPhase;
			buildActionMask = 2147483647;
			files = (
			);
			runOnlyForDeploymentPostprocessing = 0;
		};
		23FEE19B29A018B3007663AF /* Frameworks */ = {
			isa = PBXFrameworksBuildPhase;
			buildActionMask = 2147483647;
			files = (
			);
			runOnlyForDeploymentPostprocessing = 0;
		};
		23FEE1A529A018B3007663AF /* Frameworks */ = {
			isa = PBXFrameworksBuildPhase;
			buildActionMask = 2147483647;
			files = (
			);
			runOnlyForDeploymentPostprocessing = 0;
		};
/* End PBXFrameworksBuildPhase section */

/* Begin PBXGroup section */
		23FEE18529A018B1007663AF = {
			isa = PBXGroup;
			children = (
				23FEE19029A018B1007663AF /* githubsearch */,
				23FEE1A129A018B3007663AF /* githubsearchTests */,
				23FEE1AB29A018B3007663AF /* githubsearchUITests */,
				23FEE18F29A018B1007663AF /* Products */,
			);
			sourceTree = "<group>";
		};
		23FEE18F29A018B1007663AF /* Products */ = {
			isa = PBXGroup;
			children = (
				23FEE18E29A018B1007663AF /* githubsearch.app */,
				23FEE19E29A018B3007663AF /* githubsearchTests.xctest */,
				23FEE1A829A018B3007663AF /* githubsearchUITests.xctest */,
			);
			name = Products;
			sourceTree = "<group>";
		};
		23FEE19029A018B1007663AF /* githubsearch */ = {
			isa = PBXGroup;
			children = (
				23FEE1F229A26EE1007663AF /* Repository */,
				23FEE1EF29A26734007663AF /* Network */,
				23FEE1D229A03AC2007663AF /* Models */,
				23FEE1C629A038BC007663AF /* Common */,
				23FEE1BE29A03364007663AF /* Extensions */,
				23FEE1BB29A031DE007663AF /* UI */,
				23FEE19129A018B1007663AF /* githubsearchApp.swift */,
				23FEE19329A018B1007663AF /* ContentView.swift */,
				23FEE19529A018B3007663AF /* Assets.xcassets */,
				23FEE19729A018B3007663AF /* Preview Content */,
			);
			path = githubsearch;
			sourceTree = "<group>";
		};
		23FEE19729A018B3007663AF /* Preview Content */ = {
			isa = PBXGroup;
			children = (
				23FEE19829A018B3007663AF /* Preview Assets.xcassets */,
			);
			path = "Preview Content";
			sourceTree = "<group>";
		};
		23FEE1A129A018B3007663AF /* githubsearchTests */ = {
			isa = PBXGroup;
			children = (
				23FEE1A229A018B3007663AF /* githubsearchTests.swift */,
			);
			path = githubsearchTests;
			sourceTree = "<group>";
		};
		23FEE1AB29A018B3007663AF /* githubsearchUITests */ = {
			isa = PBXGroup;
			children = (
				23FEE1AC29A018B3007663AF /* githubsearchUITests.swift */,
				23FEE1AE29A018B3007663AF /* githubsearchUITestsLaunchTests.swift */,
			);
			path = githubsearchUITests;
			sourceTree = "<group>";
		};
		23FEE1BB29A031DE007663AF /* UI */ = {
			isa = PBXGroup;
			children = (
				23FEE1DE29A0453F007663AF /* UserDetail */,
				23FEE1D729A042B1007663AF /* Users */,
				23FEE1C329A03789007663AF /* Repositories */,
				23FEE1BC29A03267007663AF /* HomeView.swift */,
			);
			path = UI;
			sourceTree = "<group>";
		};
		23FEE1BE29A03364007663AF /* Extensions */ = {
			isa = PBXGroup;
			children = (
				23FEE1BF29A03389007663AF /* Font+UIFont.swift */,
				23FEE1EB29A13E1B007663AF /* Images.swift */,
				23FEE1C129A034FB007663AF /* Color+UIColor.swift */,
			);
			path = Extensions;
			sourceTree = "<group>";
		};
		23FEE1C329A03789007663AF /* Repositories */ = {
			isa = PBXGroup;
			children = (
				23FEE1C429A0381C007663AF /* RepositoriesView.swift */,
				23FEE1D029A03A25007663AF /* RepositoryView.swift */,
				23FEE1D529A03F12007663AF /* RepositoriesViewModel.swift */,
			);
			path = Repositories;
			sourceTree = "<group>";
		};
		23FEE1C629A038BC007663AF /* Common */ = {
			isa = PBXGroup;
			children = (
				23FEE1C729A038D5007663AF /* Views */,
			);
			path = Common;
			sourceTree = "<group>";
		};
		23FEE1C729A038D5007663AF /* Views */ = {
			isa = PBXGroup;
			children = (
				23FEE1C829A0391B007663AF /* SearchView.swift */,
				23FEE1CA29A03959007663AF /* LanguageView.swift */,
				23FEE1CC29A03986007663AF /* StarCountView.swift */,
				23FEE1CE29A039CB007663AF /* EmptyStateView.swift */,
			);
			path = Views;
			sourceTree = "<group>";
		};
		23FEE1D229A03AC2007663AF /* Models */ = {
			isa = PBXGroup;
			children = (
				23FEE1D329A03B07007663AF /* SearchRepositoryResponse.swift */,
				23FEE1DC29A0446E007663AF /* FullUser.swift */,
				23FEE1E129A04B1F007663AF /* UserRepo.swift */,
				23FEE1E729A04DAC007663AF /* SearchUserResponse.swift */,
			);
			path = Models;
			sourceTree = "<group>";
		};
		23FEE1D729A042B1007663AF /* Users */ = {
			isa = PBXGroup;
			children = (
				23FEE1D829A042E0007663AF /* UsersView.swift */,
				23FEE1DA29A0437E007663AF /* UserView.swift */,
				23FEE1E529A04B84007663AF /* UsersViewModel.swift */,
			);
			path = Users;
			sourceTree = "<group>";
		};
		23FEE1DE29A0453F007663AF /* UserDetail */ = {
			isa = PBXGroup;
			children = (
				23FEE1DF29A04AB8007663AF /* UserDetailView.swift */,
				23FEE1E329A04B4A007663AF /* UserRepoView.swift */,
				23FEE1ED29A1A58F007663AF /* UserDetailViewModel.swift */,
			);
			path = UserDetail;
			sourceTree = "<group>";
		};
		23FEE1EF29A26734007663AF /* Network */ = {
			isa = PBXGroup;
			children = (
				23FEE1F029A26752007663AF /* APIClient.swift */,
			);
			path = Network;
			sourceTree = "<group>";
		};
		23FEE1F229A26EE1007663AF /* Repository */ = {
			isa = PBXGroup;
			children = (
			);
			path = Repository;
			sourceTree = "<group>";
		};
/* End PBXGroup section */

/* Begin PBXNativeTarget section */
		23FEE18D29A018B1007663AF /* githubsearch */ = {
			isa = PBXNativeTarget;
			buildConfigurationList = 23FEE1B229A018B3007663AF /* Build configuration list for PBXNativeTarget "githubsearch" */;
			buildPhases = (
				23FEE18A29A018B1007663AF /* Sources */,
				23FEE18B29A018B1007663AF /* Frameworks */,
				23FEE18C29A018B1007663AF /* Resources */,
			);
			buildRules = (
			);
			dependencies = (
			);
			name = githubsearch;
			productName = githubsearch;
			productReference = 23FEE18E29A018B1007663AF /* githubsearch.app */;
			productType = "com.apple.product-type.application";
		};
		23FEE19D29A018B3007663AF /* githubsearchTests */ = {
			isa = PBXNativeTarget;
			buildConfigurationList = 23FEE1B529A018B3007663AF /* Build configuration list for PBXNativeTarget "githubsearchTests" */;
			buildPhases = (
				23FEE19A29A018B3007663AF /* Sources */,
				23FEE19B29A018B3007663AF /* Frameworks */,
				23FEE19C29A018B3007663AF /* Resources */,
			);
			buildRules = (
			);
			dependencies = (
				23FEE1A029A018B3007663AF /* PBXTargetDependency */,
			);
			name = githubsearchTests;
			productName = githubsearchTests;
			productReference = 23FEE19E29A018B3007663AF /* githubsearchTests.xctest */;
			productType = "com.apple.product-type.bundle.unit-test";
		};
		23FEE1A729A018B3007663AF /* githubsearchUITests */ = {
			isa = PBXNativeTarget;
			buildConfigurationList = 23FEE1B829A018B3007663AF /* Build configuration list for PBXNativeTarget "githubsearchUITests" */;
			buildPhases = (
				23FEE1A429A018B3007663AF /* Sources */,
				23FEE1A529A018B3007663AF /* Frameworks */,
				23FEE1A629A018B3007663AF /* Resources */,
			);
			buildRules = (
			);
			dependencies = (
				23FEE1AA29A018B3007663AF /* PBXTargetDependency */,
			);
			name = githubsearchUITests;
			productName = githubsearchUITests;
			productReference = 23FEE1A829A018B3007663AF /* githubsearchUITests.xctest */;
			productType = "com.apple.product-type.bundle.ui-testing";
		};
/* End PBXNativeTarget section */

/* Begin PBXProject section */
		23FEE18629A018B1007663AF /* Project object */ = {
			isa = PBXProject;
			attributes = {
				BuildIndependentTargetsInParallel = 1;
				LastSwiftUpdateCheck = 1400;
				LastUpgradeCheck = 1400;
				TargetAttributes = {
					23FEE18D29A018B1007663AF = {
						CreatedOnToolsVersion = 14.0.1;
					};
					23FEE19D29A018B3007663AF = {
						CreatedOnToolsVersion = 14.0.1;
						TestTargetID = 23FEE18D29A018B1007663AF;
					};
					23FEE1A729A018B3007663AF = {
						CreatedOnToolsVersion = 14.0.1;
						TestTargetID = 23FEE18D29A018B1007663AF;
					};
				};
			};
			buildConfigurationList = 23FEE18929A018B1007663AF /* Build configuration list for PBXProject "githubsearch" */;
			compatibilityVersion = "Xcode 14.0";
			developmentRegion = en;
			hasScannedForEncodings = 0;
			knownRegions = (
				en,
				Base,
			);
			mainGroup = 23FEE18529A018B1007663AF;
			productRefGroup = 23FEE18F29A018B1007663AF /* Products */;
			projectDirPath = "";
			projectRoot = "";
			targets = (
				23FEE18D29A018B1007663AF /* githubsearch */,
				23FEE19D29A018B3007663AF /* githubsearchTests */,
				23FEE1A729A018B3007663AF /* githubsearchUITests */,
			);
		};
/* End PBXProject section */

/* Begin PBXResourcesBuildPhase section */
		23FEE18C29A018B1007663AF /* Resources */ = {
			isa = PBXResourcesBuildPhase;
			buildActionMask = 2147483647;
			files = (
				23FEE19929A018B3007663AF /* Preview Assets.xcassets in Resources */,
				23FEE19629A018B3007663AF /* Assets.xcassets in Resources */,
			);
			runOnlyForDeploymentPostprocessing = 0;
		};
		23FEE19C29A018B3007663AF /* Resources */ = {
			isa = PBXResourcesBuildPhase;
			buildActionMask = 2147483647;
			files = (
			);
			runOnlyForDeploymentPostprocessing = 0;
		};
		23FEE1A629A018B3007663AF /* Resources */ = {
			isa = PBXResourcesBuildPhase;
			buildActionMask = 2147483647;
			files = (
			);
			runOnlyForDeploymentPostprocessing = 0;
		};
/* End PBXResourcesBuildPhase section */

/* Begin PBXSourcesBuildPhase section */
		23FEE18A29A018B1007663AF /* Sources */ = {
			isa = PBXSourcesBuildPhase;
			buildActionMask = 2147483647;
			files = (
				23FEE1E429A04B4A007663AF /* UserRepoView.swift in Sources */,
				23FEE1C529A0381C007663AF /* RepositoriesView.swift in Sources */,
				23FEE1EE29A1A58F007663AF /* UserDetailViewModel.swift in Sources */,
				23FEE1BD29A03268007663AF /* HomeView.swift in Sources */,
				23FEE1EC29A13E1B007663AF /* Images.swift in Sources */,
				23FEE19429A018B1007663AF /* ContentView.swift in Sources */,
				23FEE1CD29A03986007663AF /* StarCountView.swift in Sources */,
				23FEE1E029A04AB8007663AF /* UserDetailView.swift in Sources */,
				23FEE1CB29A03959007663AF /* LanguageView.swift in Sources */,
				23FEE1DB29A0437E007663AF /* UserView.swift in Sources */,
				23FEE1D929A042E0007663AF /* UsersView.swift in Sources */,
				23FEE1F129A26752007663AF /* APIClient.swift in Sources */,
				23FEE1E629A04B84007663AF /* UsersViewModel.swift in Sources */,
				23FEE1C929A0391B007663AF /* SearchView.swift in Sources */,
				23FEE19229A018B1007663AF /* githubsearchApp.swift in Sources */,
				23FEE1D629A03F12007663AF /* RepositoriesViewModel.swift in Sources */,
				23FEE1D429A03B07007663AF /* SearchRepositoryResponse.swift in Sources */,
				23FEE1CF29A039CB007663AF /* EmptyStateView.swift in Sources */,
				23FEE1D129A03A25007663AF /* RepositoryView.swift in Sources */,
				23FEE1E229A04B1F007663AF /* UserRepo.swift in Sources */,
				23FEE1C229A034FB007663AF /* Color+UIColor.swift in Sources */,
				23FEE1C029A03389007663AF /* Font+UIFont.swift in Sources */,
				23FEE1E829A04DAC007663AF /* SearchUserResponse.swift in Sources */,
				23FEE1DD29A0446E007663AF /* FullUser.swift in Sources */,
			);
			runOnlyForDeploymentPostprocessing = 0;
		};
		23FEE19A29A018B3007663AF /* Sources */ = {
			isa = PBXSourcesBuildPhase;
			buildActionMask = 2147483647;
			files = (
				23FEE1A329A018B3007663AF /* githubsearchTests.swift in Sources */,
			);
			runOnlyForDeploymentPostprocessing = 0;
		};
		23FEE1A429A018B3007663AF /* Sources */ = {
			isa = PBXSourcesBuildPhase;
			buildActionMask = 2147483647;
			files = (
				23FEE1AD29A018B3007663AF /* githubsearchUITests.swift in Sources */,
				23FEE1AF29A018B3007663AF /* githubsearchUITestsLaunchTests.swift in Sources */,
			);
			runOnlyForDeploymentPostprocessing = 0;
		};
/* End PBXSourcesBuildPhase section */

/* Begin PBXTargetDependency section */
		23FEE1A029A018B3007663AF /* PBXTargetDependency */ = {
			isa = PBXTargetDependency;
			target = 23FEE18D29A018B1007663AF /* githubsearch */;
			targetProxy = 23FEE19F29A018B3007663AF /* PBXContainerItemProxy */;
		};
		23FEE1AA29A018B3007663AF /* PBXTargetDependency */ = {
			isa = PBXTargetDependency;
			target = 23FEE18D29A018B1007663AF /* githubsearch */;
			targetProxy = 23FEE1A929A018B3007663AF /* PBXContainerItemProxy */;
		};
/* End PBXTargetDependency section */

/* Begin XCBuildConfiguration section */
		23FEE1B029A018B3007663AF /* Debug */ = {
			isa = XCBuildConfiguration;
			buildSettings = {
				ALWAYS_SEARCH_USER_PATHS = NO;
				CLANG_ANALYZER_NONNULL = YES;
				CLANG_ANALYZER_NUMBER_OBJECT_CONVERSION = YES_AGGRESSIVE;
				CLANG_CXX_LANGUAGE_STANDARD = "gnu++20";
				CLANG_ENABLE_MODULES = YES;
				CLANG_ENABLE_OBJC_ARC = YES;
				CLANG_ENABLE_OBJC_WEAK = YES;
				CLANG_WARN_BLOCK_CAPTURE_AUTORELEASING = YES;
				CLANG_WARN_BOOL_CONVERSION = YES;
				CLANG_WARN_COMMA = YES;
				CLANG_WARN_CONSTANT_CONVERSION = YES;
				CLANG_WARN_DEPRECATED_OBJC_IMPLEMENTATIONS = YES;
				CLANG_WARN_DIRECT_OBJC_ISA_USAGE = YES_ERROR;
				CLANG_WARN_DOCUMENTATION_COMMENTS = YES;
				CLANG_WARN_EMPTY_BODY = YES;
				CLANG_WARN_ENUM_CONVERSION = YES;
				CLANG_WARN_INFINITE_RECURSION = YES;
				CLANG_WARN_INT_CONVERSION = YES;
				CLANG_WARN_NON_LITERAL_NULL_CONVERSION = YES;
				CLANG_WARN_OBJC_IMPLICIT_RETAIN_SELF = YES;
				CLANG_WARN_OBJC_LITERAL_CONVERSION = YES;
				CLANG_WARN_OBJC_ROOT_CLASS = YES_ERROR;
				CLANG_WARN_QUOTED_INCLUDE_IN_FRAMEWORK_HEADER = YES;
				CLANG_WARN_RANGE_LOOP_ANALYSIS = YES;
				CLANG_WARN_STRICT_PROTOTYPES = YES;
				CLANG_WARN_SUSPICIOUS_MOVE = YES;
				CLANG_WARN_UNGUARDED_AVAILABILITY = YES_AGGRESSIVE;
				CLANG_WARN_UNREACHABLE_CODE = YES;
				CLANG_WARN__DUPLICATE_METHOD_MATCH = YES;
				COPY_PHASE_STRIP = NO;
				DEBUG_INFORMATION_FORMAT = dwarf;
				ENABLE_STRICT_OBJC_MSGSEND = YES;
				ENABLE_TESTABILITY = YES;
				GCC_C_LANGUAGE_STANDARD = gnu11;
				GCC_DYNAMIC_NO_PIC = NO;
				GCC_NO_COMMON_BLOCKS = YES;
				GCC_OPTIMIZATION_LEVEL = 0;
				GCC_PREPROCESSOR_DEFINITIONS = (
					"DEBUG=1",
					"$(inherited)",
				);
				GCC_WARN_64_TO_32_BIT_CONVERSION = YES;
				GCC_WARN_ABOUT_RETURN_TYPE = YES_ERROR;
				GCC_WARN_UNDECLARED_SELECTOR = YES;
				GCC_WARN_UNINITIALIZED_AUTOS = YES_AGGRESSIVE;
				GCC_WARN_UNUSED_FUNCTION = YES;
				GCC_WARN_UNUSED_VARIABLE = YES;
				IPHONEOS_DEPLOYMENT_TARGET = 16.0;
				MTL_ENABLE_DEBUG_INFO = INCLUDE_SOURCE;
				MTL_FAST_MATH = YES;
				ONLY_ACTIVE_ARCH = YES;
				SDKROOT = iphoneos;
				SWIFT_ACTIVE_COMPILATION_CONDITIONS = DEBUG;
				SWIFT_OPTIMIZATION_LEVEL = "-Onone";
			};
			name = Debug;
		};
		23FEE1B129A018B3007663AF /* Release */ = {
			isa = XCBuildConfiguration;
			buildSettings = {
				ALWAYS_SEARCH_USER_PATHS = NO;
				CLANG_ANALYZER_NONNULL = YES;
				CLANG_ANALYZER_NUMBER_OBJECT_CONVERSION = YES_AGGRESSIVE;
				CLANG_CXX_LANGUAGE_STANDARD = "gnu++20";
				CLANG_ENABLE_MODULES = YES;
				CLANG_ENABLE_OBJC_ARC = YES;
				CLANG_ENABLE_OBJC_WEAK = YES;
				CLANG_WARN_BLOCK_CAPTURE_AUTORELEASING = YES;
				CLANG_WARN_BOOL_CONVERSION = YES;
				CLANG_WARN_COMMA = YES;
				CLANG_WARN_CONSTANT_CONVERSION = YES;
				CLANG_WARN_DEPRECATED_OBJC_IMPLEMENTATIONS = YES;
				CLANG_WARN_DIRECT_OBJC_ISA_USAGE = YES_ERROR;
				CLANG_WARN_DOCUMENTATION_COMMENTS = YES;
				CLANG_WARN_EMPTY_BODY = YES;
				CLANG_WARN_ENUM_CONVERSION = YES;
				CLANG_WARN_INFINITE_RECURSION = YES;
				CLANG_WARN_INT_CONVERSION = YES;
				CLANG_WARN_NON_LITERAL_NULL_CONVERSION = YES;
				CLANG_WARN_OBJC_IMPLICIT_RETAIN_SELF = YES;
				CLANG_WARN_OBJC_LITERAL_CONVERSION = YES;
				CLANG_WARN_OBJC_ROOT_CLASS = YES_ERROR;
				CLANG_WARN_QUOTED_INCLUDE_IN_FRAMEWORK_HEADER = YES;
				CLANG_WARN_RANGE_LOOP_ANALYSIS = YES;
				CLANG_WARN_STRICT_PROTOTYPES = YES;
				CLANG_WARN_SUSPICIOUS_MOVE = YES;
				CLANG_WARN_UNGUARDED_AVAILABILITY = YES_AGGRESSIVE;
				CLANG_WARN_UNREACHABLE_CODE = YES;
				CLANG_WARN__DUPLICATE_METHOD_MATCH = YES;
				COPY_PHASE_STRIP = NO;
				DEBUG_INFORMATION_FORMAT = "dwarf-with-dsym";
				ENABLE_NS_ASSERTIONS = NO;
				ENABLE_STRICT_OBJC_MSGSEND = YES;
				GCC_C_LANGUAGE_STANDARD = gnu11;
				GCC_NO_COMMON_BLOCKS = YES;
				GCC_WARN_64_TO_32_BIT_CONVERSION = YES;
				GCC_WARN_ABOUT_RETURN_TYPE = YES_ERROR;
				GCC_WARN_UNDECLARED_SELECTOR = YES;
				GCC_WARN_UNINITIALIZED_AUTOS = YES_AGGRESSIVE;
				GCC_WARN_UNUSED_FUNCTION = YES;
				GCC_WARN_UNUSED_VARIABLE = YES;
				IPHONEOS_DEPLOYMENT_TARGET = 16.0;
				MTL_ENABLE_DEBUG_INFO = NO;
				MTL_FAST_MATH = YES;
				SDKROOT = iphoneos;
				SWIFT_COMPILATION_MODE = wholemodule;
				SWIFT_OPTIMIZATION_LEVEL = "-O";
				VALIDATE_PRODUCT = YES;
			};
			name = Release;
		};
		23FEE1B329A018B3007663AF /* Debug */ = {
			isa = XCBuildConfiguration;
			buildSettings = {
				ASSETCATALOG_COMPILER_APPICON_NAME = AppIcon;
				ASSETCATALOG_COMPILER_GLOBAL_ACCENT_COLOR_NAME = AccentColor;
				CODE_SIGN_STYLE = Automatic;
				CURRENT_PROJECT_VERSION = 1;
				DEVELOPMENT_ASSET_PATHS = "\"githubsearch/Preview Content\"";
				DEVELOPMENT_TEAM = YJD3B5Q2BB;
				ENABLE_PREVIEWS = YES;
				GENERATE_INFOPLIST_FILE = YES;
				INFOPLIST_KEY_UIApplicationSceneManifest_Generation = YES;
				INFOPLIST_KEY_UIApplicationSupportsIndirectInputEvents = YES;
				INFOPLIST_KEY_UILaunchScreen_Generation = YES;
				INFOPLIST_KEY_UISupportedInterfaceOrientations_iPad = "UIInterfaceOrientationPortrait UIInterfaceOrientationPortraitUpsideDown UIInterfaceOrientationLandscapeLeft UIInterfaceOrientationLandscapeRight";
				INFOPLIST_KEY_UISupportedInterfaceOrientations_iPhone = "UIInterfaceOrientationPortrait UIInterfaceOrientationLandscapeLeft UIInterfaceOrientationLandscapeRight";
				LD_RUNPATH_SEARCH_PATHS = (
					"$(inherited)",
					"@executable_path/Frameworks",
				);
				MARKETING_VERSION = 1.0;
				PRODUCT_BUNDLE_IDENTIFIER = iyke.githubsearch;
				PRODUCT_NAME = "$(TARGET_NAME)";
				SWIFT_EMIT_LOC_STRINGS = YES;
				SWIFT_VERSION = 5.0;
				TARGETED_DEVICE_FAMILY = "1,2";
			};
			name = Debug;
		};
		23FEE1B429A018B3007663AF /* Release */ = {
			isa = XCBuildConfiguration;
			buildSettings = {
				ASSETCATALOG_COMPILER_APPICON_NAME = AppIcon;
				ASSETCATALOG_COMPILER_GLOBAL_ACCENT_COLOR_NAME = AccentColor;
				CODE_SIGN_STYLE = Automatic;
				CURRENT_PROJECT_VERSION = 1;
				DEVELOPMENT_ASSET_PATHS = "\"githubsearch/Preview Content\"";
				DEVELOPMENT_TEAM = YJD3B5Q2BB;
				ENABLE_PREVIEWS = YES;
				GENERATE_INFOPLIST_FILE = YES;
				INFOPLIST_KEY_UIApplicationSceneManifest_Generation = YES;
				INFOPLIST_KEY_UIApplicationSupportsIndirectInputEvents = YES;
				INFOPLIST_KEY_UILaunchScreen_Generation = YES;
				INFOPLIST_KEY_UISupportedInterfaceOrientations_iPad = "UIInterfaceOrientationPortrait UIInterfaceOrientationPortraitUpsideDown UIInterfaceOrientationLandscapeLeft UIInterfaceOrientationLandscapeRight";
				INFOPLIST_KEY_UISupportedInterfaceOrientations_iPhone = "UIInterfaceOrientationPortrait UIInterfaceOrientationLandscapeLeft UIInterfaceOrientationLandscapeRight";
				LD_RUNPATH_SEARCH_PATHS = (
					"$(inherited)",
					"@executable_path/Frameworks",
				);
				MARKETING_VERSION = 1.0;
				PRODUCT_BUNDLE_IDENTIFIER = iyke.githubsearch;
				PRODUCT_NAME = "$(TARGET_NAME)";
				SWIFT_EMIT_LOC_STRINGS = YES;
				SWIFT_VERSION = 5.0;
				TARGETED_DEVICE_FAMILY = "1,2";
			};
			name = Release;
		};
		23FEE1B629A018B3007663AF /* Debug */ = {
			isa = XCBuildConfiguration;
			buildSettings = {
				ALWAYS_EMBED_SWIFT_STANDARD_LIBRARIES = YES;
				BUNDLE_LOADER = "$(TEST_HOST)";
				CODE_SIGN_STYLE = Automatic;
				CURRENT_PROJECT_VERSION = 1;
				DEVELOPMENT_TEAM = YJD3B5Q2BB;
				GENERATE_INFOPLIST_FILE = YES;
				IPHONEOS_DEPLOYMENT_TARGET = 16.0;
				MARKETING_VERSION = 1.0;
				PRODUCT_BUNDLE_IDENTIFIER = iyke.githubsearchTests;
				PRODUCT_NAME = "$(TARGET_NAME)";
				SWIFT_EMIT_LOC_STRINGS = NO;
				SWIFT_VERSION = 5.0;
				TARGETED_DEVICE_FAMILY = "1,2";
				TEST_HOST = "$(BUILT_PRODUCTS_DIR)/githubsearch.app/$(BUNDLE_EXECUTABLE_FOLDER_PATH)/githubsearch";
			};
			name = Debug;
		};
		23FEE1B729A018B3007663AF /* Release */ = {
			isa = XCBuildConfiguration;
			buildSettings = {
				ALWAYS_EMBED_SWIFT_STANDARD_LIBRARIES = YES;
				BUNDLE_LOADER = "$(TEST_HOST)";
				CODE_SIGN_STYLE = Automatic;
				CURRENT_PROJECT_VERSION = 1;
				DEVELOPMENT_TEAM = YJD3B5Q2BB;
				GENERATE_INFOPLIST_FILE = YES;
				IPHONEOS_DEPLOYMENT_TARGET = 16.0;
				MARKETING_VERSION = 1.0;
				PRODUCT_BUNDLE_IDENTIFIER = iyke.githubsearchTests;
				PRODUCT_NAME = "$(TARGET_NAME)";
				SWIFT_EMIT_LOC_STRINGS = NO;
				SWIFT_VERSION = 5.0;
				TARGETED_DEVICE_FAMILY = "1,2";
				TEST_HOST = "$(BUILT_PRODUCTS_DIR)/githubsearch.app/$(BUNDLE_EXECUTABLE_FOLDER_PATH)/githubsearch";
			};
			name = Release;
		};
		23FEE1B929A018B3007663AF /* Debug */ = {
			isa = XCBuildConfiguration;
			buildSettings = {
				ALWAYS_EMBED_SWIFT_STANDARD_LIBRARIES = YES;
				CODE_SIGN_STYLE = Automatic;
				CURRENT_PROJECT_VERSION = 1;
				DEVELOPMENT_TEAM = YJD3B5Q2BB;
				GENERATE_INFOPLIST_FILE = YES;
				MARKETING_VERSION = 1.0;
				PRODUCT_BUNDLE_IDENTIFIER = iyke.githubsearchUITests;
				PRODUCT_NAME = "$(TARGET_NAME)";
				SWIFT_EMIT_LOC_STRINGS = NO;
				SWIFT_VERSION = 5.0;
				TARGETED_DEVICE_FAMILY = "1,2";
				TEST_TARGET_NAME = githubsearch;
			};
			name = Debug;
		};
		23FEE1BA29A018B3007663AF /* Release */ = {
			isa = XCBuildConfiguration;
			buildSettings = {
				ALWAYS_EMBED_SWIFT_STANDARD_LIBRARIES = YES;
				CODE_SIGN_STYLE = Automatic;
				CURRENT_PROJECT_VERSION = 1;
				DEVELOPMENT_TEAM = YJD3B5Q2BB;
				GENERATE_INFOPLIST_FILE = YES;
				MARKETING_VERSION = 1.0;
				PRODUCT_BUNDLE_IDENTIFIER = iyke.githubsearchUITests;
				PRODUCT_NAME = "$(TARGET_NAME)";
				SWIFT_EMIT_LOC_STRINGS = NO;
				SWIFT_VERSION = 5.0;
				TARGETED_DEVICE_FAMILY = "1,2";
				TEST_TARGET_NAME = githubsearch;
			};
			name = Release;
		};
/* End XCBuildConfiguration section */

/* Begin XCConfigurationList section */
		23FEE18929A018B1007663AF /* Build configuration list for PBXProject "githubsearch" */ = {
			isa = XCConfigurationList;
			buildConfigurations = (
				23FEE1B029A018B3007663AF /* Debug */,
				23FEE1B129A018B3007663AF /* Release */,
			);
			defaultConfigurationIsVisible = 0;
			defaultConfigurationName = Release;
		};
		23FEE1B229A018B3007663AF /* Build configuration list for PBXNativeTarget "githubsearch" */ = {
			isa = XCConfigurationList;
			buildConfigurations = (
				23FEE1B329A018B3007663AF /* Debug */,
				23FEE1B429A018B3007663AF /* Release */,
			);
			defaultConfigurationIsVisible = 0;
			defaultConfigurationName = Release;
		};
		23FEE1B529A018B3007663AF /* Build configuration list for PBXNativeTarget "githubsearchTests" */ = {
			isa = XCConfigurationList;
			buildConfigurations = (
				23FEE1B629A018B3007663AF /* Debug */,
				23FEE1B729A018B3007663AF /* Release */,
			);
			defaultConfigurationIsVisible = 0;
			defaultConfigurationName = Release;
		};
		23FEE1B829A018B3007663AF /* Build configuration list for PBXNativeTarget "githubsearchUITests" */ = {
			isa = XCConfigurationList;
			buildConfigurations = (
				23FEE1B929A018B3007663AF /* Debug */,
				23FEE1BA29A018B3007663AF /* Release */,
			);
			defaultConfigurationIsVisible = 0;
			defaultConfigurationName = Release;
		};
/* End XCConfigurationList section */
	};
	rootObject = 23FEE18629A018B1007663AF /* Project object */;
}
